
Microsoft Visual Studio Solution File, Format Version 11.00
# Visual Studio 2010
Project("{FAE04EC0-301F-11D3-BF4B-00C04F79EFBC}") = "Gladiator", "Gladiator\Gladiator.csproj", "{152BEB77-06E4-4FF3-846B-1B9392A648FB}"
EndProject
Global
	GlobalSection(SolutionConfigurationPlatforms) = preSolution
		Debug|x86 = Debug|x86
		Release|x86 = Release|x86
	EndGlobalSection
	GlobalSection(ProjectConfigurationPlatforms) = postSolution
		{152BEB77-06E4-4FF3-846B-1B9392A648FB}.Debug|x86.ActiveCfg = Debug|x86
		{152BEB77-06E4-4FF3-846B-1B9392A648FB}.Debug|x86.Build.0 = Debug|x86
		{152BEB77-06E4-4FF3-846B-1B9392A648FB}.Release|x86.ActiveCfg = Release|x86
		{152BEB77-06E4-4FF3-846B-1B9392A648FB}.Release|x86.Build.0 = Release|x86
	EndGlobalSection
	GlobalSection(MonoDevelopProperties) = preSolution
		StartupItem = Gladiator\Gladiator.csproj
	EndGlobalSection
EndGlobal
